
Microsoft Visual Studio Solution File, Format Version 12.00
# Visual Studio Version 17
VisualStudioVersion = 17.9.34723.18
MinimumVisualStudioVersion = 10.0.40219.1
Project("{FAE04EC0-301F-11D3-BF4B-00C04F79EFBC}") = "Servise otel", "Servise otel\Servise otel.csproj", "{DC90A6A8-CD77-4F8E-91E8-EC312356F49E}"
EndProject
Project("{FAE04EC0-301F-11D3-BF4B-00C04F79EFBC}") = "Core", "Core\Core.csproj", "{8804AFBE-2A11-4DF2-B599-73CA45453512}"
EndProject
Global
	GlobalSection(SolutionConfigurationPlatforms) = preSolution
		Debug|Any CPU = Debug|Any CPU
		Release|Any CPU = Release|Any CPU
	EndGlobalSection
	GlobalSection(ProjectConfigurationPlatforms) = postSolution
		{DC90A6A8-CD77-4F8E-91E8-EC312356F49E}.Debug|Any CPU.ActiveCfg = Debug|Any CPU
		{DC90A6A8-CD77-4F8E-91E8-EC312356F49E}.Debug|Any CPU.Build.0 = Debug|Any CPU
		{DC90A6A8-CD77-4F8E-91E8-EC312356F49E}.Release|Any CPU.ActiveCfg = Release|Any CPU
		{DC90A6A8-CD77-4F8E-91E8-EC312356F49E}.Release|Any CPU.Build.0 = Release|Any CPU
		{8804AFBE-2A11-4DF2-B599-73CA45453512}.Debug|Any CPU.ActiveCfg = Debug|Any CPU
		{8804AFBE-2A11-4DF2-B599-73CA45453512}.Debug|Any CPU.Build.0 = Debug|Any CPU
		{8804AFBE-2A11-4DF2-B599-73CA45453512}.Release|Any CPU.ActiveCfg = Release|Any CPU
		{8804AFBE-2A11-4DF2-B599-73CA45453512}.Release|Any CPU.Build.0 = Release|Any CPU
	EndGlobalSection
	GlobalSection(SolutionProperties) = preSolution
		HideSolutionNode = FALSE
	EndGlobalSection
	GlobalSection(ExtensibilityGlobals) = postSolution
		SolutionGuid = {D883B47D-AA53-4006-B7C5-A9BAC8659AD9}
	EndGlobalSection
EndGlobal
